{
    "version": 3,
    "terraform_version": "0.11.11",
    "serial": 23,
    "lineage": "19f150a2-1634-712a-a47d-6d0f2501e16b",
    "modules": [
        {
            "path": [
                "root"
            ],
            "outputs": {},
            "resources": {
                "kubernetes_deployment.jira-deployment": {
                    "type": "kubernetes_deployment",
                    "depends_on": [],
                    "primary": {
                        "id": "terraform-jira-ns/terraform-jira",
                        "attributes": {
                            "id": "terraform-jira-ns/terraform-jira",
                            "metadata.#": "1",
                            "metadata.0.annotations.%": "0",
                            "metadata.0.generate_name": "",
                            "metadata.0.generation": "1",
                            "metadata.0.labels.%": "1",
                            "metadata.0.labels.test": "jira",
                            "metadata.0.name": "terraform-jira",
                            "metadata.0.namespace": "terraform-jira-ns",
                            "metadata.0.resource_version": "1085388",
                            "metadata.0.self_link": "/apis/apps/v1/namespaces/terraform-jira-ns/deployments/terraform-jira",
                            "metadata.0.uid": "44c7d46c-3fc2-11e9-a10d-42010a8000b2",
                            "spec.#": "1",
                            "spec.0.min_ready_seconds": "0",
                            "spec.0.paused": "false",
                            "spec.0.progress_deadline_seconds": "600",
                            "spec.0.replicas": "1",
                            "spec.0.revision_history_limit": "10",
                            "spec.0.selector.#": "1",
                            "spec.0.selector.0.match_expressions.#": "0",
                            "spec.0.selector.0.match_labels.%": "1",
                            "spec.0.selector.0.match_labels.test": "jira",
                            "spec.0.strategy.#": "0",
                            "spec.0.template.#": "1",
                            "spec.0.template.0.metadata.#": "1",
                            "spec.0.template.0.metadata.0.annotations.%": "0",
                            "spec.0.template.0.metadata.0.generate_name": "",
                            "spec.0.template.0.metadata.0.generation": "0",
                            "spec.0.template.0.metadata.0.labels.%": "1",
                            "spec.0.template.0.metadata.0.labels.test": "jira",
                            "spec.0.template.0.metadata.0.name": "",
                            "spec.0.template.0.metadata.0.namespace": "default",
                            "spec.0.template.0.metadata.0.resource_version": "",
                            "spec.0.template.0.metadata.0.self_link": "",
                            "spec.0.template.0.metadata.0.uid": "",
                            "spec.0.template.0.spec.#": "1",
                            "spec.0.template.0.spec.0.active_deadline_seconds": "0",
                            "spec.0.template.0.spec.0.container.#": "1",
                            "spec.0.template.0.spec.0.container.0.args.#": "0",
                            "spec.0.template.0.spec.0.container.0.command.#": "0",
                            "spec.0.template.0.spec.0.container.0.env.#": "0",
                            "spec.0.template.0.spec.0.container.0.env_from.#": "0",
                            "spec.0.template.0.spec.0.container.0.image": "gcr.io/hightowerlabs/jira:7.3.6-standalone",
                            "spec.0.template.0.spec.0.container.0.image_pull_policy": "IfNotPresent",
                            "spec.0.template.0.spec.0.container.0.lifecycle.#": "0",
                            "spec.0.template.0.spec.0.container.0.liveness_probe.#": "0",
                            "spec.0.template.0.spec.0.container.0.name": "jira",
                            "spec.0.template.0.spec.0.container.0.port.#": "0",
                            "spec.0.template.0.spec.0.container.0.readiness_probe.#": "0",
                            "spec.0.template.0.spec.0.container.0.resources.#": "1",
                            "spec.0.template.0.spec.0.container.0.security_context.#": "0",
                            "spec.0.template.0.spec.0.container.0.stdin": "false",
                            "spec.0.template.0.spec.0.container.0.stdin_once": "false",
                            "spec.0.template.0.spec.0.container.0.termination_message_path": "/dev/termination-log",
                            "spec.0.template.0.spec.0.container.0.tty": "false",
                            "spec.0.template.0.spec.0.container.0.volume_mount.#": "1",
                            "spec.0.template.0.spec.0.container.0.volume_mount.0.mount_path": "/opt/jira-home",
                            "spec.0.template.0.spec.0.container.0.volume_mount.0.name": "jira-home",
                            "spec.0.template.0.spec.0.container.0.volume_mount.0.read_only": "false",
                            "spec.0.template.0.spec.0.container.0.volume_mount.0.sub_path": "",
                            "spec.0.template.0.spec.0.container.0.working_dir": "",
                            "spec.0.template.0.spec.0.dns_policy": "ClusterFirst",
                            "spec.0.template.0.spec.0.host_ipc": "false",
                            "spec.0.template.0.spec.0.host_network": "false",
                            "spec.0.template.0.spec.0.host_pid": "false",
                            "spec.0.template.0.spec.0.hostname": "",
                            "spec.0.template.0.spec.0.image_pull_secrets.#": "0",
                            "spec.0.template.0.spec.0.init_container.#": "0",
                            "spec.0.template.0.spec.0.node_name": "",
                            "spec.0.template.0.spec.0.node_selector.%": "0",
                            "spec.0.template.0.spec.0.restart_policy": "Always",
                            "spec.0.template.0.spec.0.security_context.#": "0",
                            "spec.0.template.0.spec.0.service_account_name": "",
                            "spec.0.template.0.spec.0.subdomain": "",
                            "spec.0.template.0.spec.0.termination_grace_period_seconds": "30",
                            "spec.0.template.0.spec.0.volume.#": "1",
                            "spec.0.template.0.spec.0.volume.0.aws_elastic_block_store.#": "0",
                            "spec.0.template.0.spec.0.volume.0.azure_disk.#": "0",
                            "spec.0.template.0.spec.0.volume.0.azure_file.#": "0",
                            "spec.0.template.0.spec.0.volume.0.ceph_fs.#": "0",
                            "spec.0.template.0.spec.0.volume.0.cinder.#": "0",
                            "spec.0.template.0.spec.0.volume.0.config_map.#": "0",
                            "spec.0.template.0.spec.0.volume.0.downward_api.#": "0",
                            "spec.0.template.0.spec.0.volume.0.empty_dir.#": "1",
                            "spec.0.template.0.spec.0.volume.0.empty_dir.0.medium": "",
                            "spec.0.template.0.spec.0.volume.0.fc.#": "0",
                            "spec.0.template.0.spec.0.volume.0.flex_volume.#": "0",
                            "spec.0.template.0.spec.0.volume.0.flocker.#": "0",
                            "spec.0.template.0.spec.0.volume.0.gce_persistent_disk.#": "0",
                            "spec.0.template.0.spec.0.volume.0.git_repo.#": "0",
                            "spec.0.template.0.spec.0.volume.0.glusterfs.#": "0",
                            "spec.0.template.0.spec.0.volume.0.host_path.#": "0",
                            "spec.0.template.0.spec.0.volume.0.iscsi.#": "0",
                            "spec.0.template.0.spec.0.volume.0.local.#": "0",
                            "spec.0.template.0.spec.0.volume.0.name": "jira-home",
                            "spec.0.template.0.spec.0.volume.0.nfs.#": "0",
                            "spec.0.template.0.spec.0.volume.0.persistent_volume_claim.#": "0",
                            "spec.0.template.0.spec.0.volume.0.photon_persistent_disk.#": "0",
                            "spec.0.template.0.spec.0.volume.0.quobyte.#": "0",
                            "spec.0.template.0.spec.0.volume.0.rbd.#": "0",
                            "spec.0.template.0.spec.0.volume.0.secret.#": "0",
                            "spec.0.template.0.spec.0.volume.0.vsphere_volume.#": "0"
                        },
                        "meta": {
                            "e2bfb730-ecaa-11e6-8f88-34363bc7c4c0": {
                                "create": 600000000000,
                                "delete": 600000000000,
                                "update": 600000000000
                            }
                        },
                        "tainted": false
                    },
                    "deposed": [],
                    "provider": "provider.kubernetes"
                },
                "kubernetes_namespace.jira-ns": {
                    "type": "kubernetes_namespace",
                    "depends_on": [],
                    "primary": {
                        "id": "terraform-jira-ns",
                        "attributes": {
                            "id": "terraform-jira-ns",
                            "metadata.#": "1",
                            "metadata.0.annotations.%": "1",
                            "metadata.0.annotations.name": "jira-annotation",
                            "metadata.0.generate_name": "",
                            "metadata.0.generation": "0",
                            "metadata.0.labels.%": "1",
                            "metadata.0.labels.mylabel": "jira-value",
                            "metadata.0.name": "terraform-jira-ns",
                            "metadata.0.resource_version": "1079596",
                            "metadata.0.self_link": "/api/v1/namespaces/terraform-jira-ns",
                            "metadata.0.uid": "8344561b-3fbc-11e9-a10d-42010a8000b2"
                        },
                        "meta": {},
                        "tainted": false
                    },
                    "deposed": [],
                    "provider": "provider.kubernetes"
                },
                "kubernetes_persistent_volume_claim.jira-pvc": {
                    "type": "kubernetes_persistent_volume_claim",
                    "depends_on": [],
                    "primary": {
                        "id": "default/terraform-jira",
                        "attributes": {
                            "id": "default/terraform-jira",
                            "metadata.#": "1",
                            "metadata.0.annotations.%": "0",
                            "metadata.0.generate_name": "",
                            "metadata.0.generation": "0",
                            "metadata.0.labels.%": "0",
                            "metadata.0.name": "terraform-jira",
                            "metadata.0.namespace": "default",
                            "metadata.0.resource_version": "1083586",
                            "metadata.0.self_link": "/api/v1/namespaces/default/persistentvolumeclaims/terraform-jira",
                            "metadata.0.uid": "7971ec33-3fc0-11e9-a10d-42010a8000b2",
                            "spec.#": "1",
                            "spec.0.access_modes.#": "1",
                            "spec.0.access_modes.1245328686": "ReadWriteOnce",
                            "spec.0.resources.#": "1",
                            "spec.0.resources.0.limits.%": "0",
                            "spec.0.resources.0.requests.%": "1",
                            "spec.0.resources.0.requests.storage": "20Gi",
                            "spec.0.selector.#": "0",
                            "spec.0.storage_class_name": "standard",
                            "spec.0.volume_name": "pvc-7971ec33-3fc0-11e9-a10d-42010a8000b2",
                            "wait_until_bound": "true"
                        },
                        "meta": {
                            "e2bfb730-ecaa-11e6-8f88-34363bc7c4c0": {
                                "create": 300000000000
                            }
                        },
                        "tainted": false
                    },
                    "deposed": [],
                    "provider": "provider.kubernetes"
                },
                "kubernetes_pod.jira-pod": {
                    "type": "kubernetes_pod",
                    "depends_on": [],
                    "primary": {
                        "id": "default/terraform-jira",
                        "attributes": {
                            "id": "default/terraform-jira",
                            "metadata.#": "1",
                            "metadata.0.annotations.%": "0",
                            "metadata.0.generate_name": "",
                            "metadata.0.generation": "0",
                            "metadata.0.labels.%": "1",
                            "metadata.0.labels.app": "jira",
                            "metadata.0.name": "terraform-jira",
                            "metadata.0.namespace": "default",
                            "metadata.0.resource_version": "1079607",
                            "metadata.0.self_link": "/api/v1/namespaces/default/pods/terraform-jira",
                            "metadata.0.uid": "834342b2-3fbc-11e9-a10d-42010a8000b2",
                            "spec.#": "1",
                            "spec.0.active_deadline_seconds": "0",
                            "spec.0.container.#": "1",
                            "spec.0.container.0.args.#": "0",
                            "spec.0.container.0.command.#": "0",
                            "spec.0.container.0.env.#": "0",
                            "spec.0.container.0.env_from.#": "0",
                            "spec.0.container.0.image": "gcr.io/hightowerlabs/jira:7.3.6-standalone",
                            "spec.0.container.0.image_pull_policy": "IfNotPresent",
                            "spec.0.container.0.lifecycle.#": "0",
                            "spec.0.container.0.liveness_probe.#": "0",
                            "spec.0.container.0.name": "jira",
                            "spec.0.container.0.port.#": "0",
                            "spec.0.container.0.readiness_probe.#": "0",
                            "spec.0.container.0.resources.#": "1",
                            "spec.0.container.0.resources.0.limits.#": "0",
                            "spec.0.container.0.resources.0.requests.#": "1",
                            "spec.0.container.0.resources.0.requests.0.cpu": "100m",
                            "spec.0.container.0.resources.0.requests.0.memory": "",
                            "spec.0.container.0.security_context.#": "0",
                            "spec.0.container.0.stdin": "false",
                            "spec.0.container.0.stdin_once": "false",
                            "spec.0.container.0.termination_message_path": "/dev/termination-log",
                            "spec.0.container.0.tty": "false",
                            "spec.0.container.0.volume_mount.#": "0",
                            "spec.0.container.0.working_dir": "",
                            "spec.0.dns_policy": "ClusterFirst",
                            "spec.0.host_ipc": "false",
                            "spec.0.host_network": "false",
                            "spec.0.host_pid": "false",
                            "spec.0.hostname": "",
                            "spec.0.image_pull_secrets.#": "0",
                            "spec.0.init_container.#": "0",
                            "spec.0.node_name": "gke-standard-cluster-1-default-pool-013139a1-00sd",
                            "spec.0.node_selector.%": "0",
                            "spec.0.restart_policy": "Always",
                            "spec.0.security_context.#": "0",
                            "spec.0.service_account_name": "default",
                            "spec.0.subdomain": "",
                            "spec.0.termination_grace_period_seconds": "30",
                            "spec.0.volume.#": "0"
                        },
                        "meta": {
                            "e2bfb730-ecaa-11e6-8f88-34363bc7c4c0": {
                                "create": 300000000000,
                                "delete": 300000000000
                            }
                        },
                        "tainted": false
                    },
                    "deposed": [],
                    "provider": "provider.kubernetes"
                },
                "kubernetes_service.jira-svs": {
                    "type": "kubernetes_service",
                    "depends_on": [
                        "kubernetes_pod.jira-pod"
                    ],
                    "primary": {
                        "id": "default/terraform-jira",
                        "attributes": {
                            "id": "default/terraform-jira",
                            "load_balancer_ingress.#": "1",
                            "load_balancer_ingress.0.hostname": "",
                            "load_balancer_ingress.0.ip": "35.188.172.72",
                            "metadata.#": "1",
                            "metadata.0.annotations.%": "0",
                            "metadata.0.generate_name": "",
                            "metadata.0.generation": "0",
                            "metadata.0.labels.%": "0",
                            "metadata.0.name": "terraform-jira",
                            "metadata.0.namespace": "default",
                            "metadata.0.resource_version": "1079694",
                            "metadata.0.self_link": "/api/v1/namespaces/default/services/terraform-jira",
                            "metadata.0.uid": "8447ffc4-3fbc-11e9-a10d-42010a8000b2",
                            "spec.#": "1",
                            "spec.0.cluster_ip": "10.11.242.136",
                            "spec.0.external_ips.#": "0",
                            "spec.0.external_name": "",
                            "spec.0.load_balancer_ip": "",
                            "spec.0.load_balancer_source_ranges.#": "0",
                            "spec.0.port.#": "1",
                            "spec.0.port.0.name": "",
                            "spec.0.port.0.node_port": "32532",
                            "spec.0.port.0.port": "8080",
                            "spec.0.port.0.protocol": "TCP",
                            "spec.0.port.0.target_port": "8080",
                            "spec.0.publish_not_ready_addresses": "false",
                            "spec.0.selector.%": "1",
                            "spec.0.selector.app": "jira",
                            "spec.0.session_affinity": "ClientIP",
                            "spec.0.type": "LoadBalancer"
                        },
                        "meta": {},
                        "tainted": false
                    },
                    "deposed": [],
                    "provider": "provider.kubernetes"
                }
            },
            "depends_on": []
        }
    ]
}
